// !$*UTF8*$!
{
	archiveVersion = 1;
	classes = {
	};
	objectVersion = 55;
	objects = {

/* Begin PBXBuildFile section */
		1EECDB6C4788BBB71D3EE114 /* Pods_FlixTests.framework in Frameworks */ = {isa = PBXBuildFile; fileRef = 9C8CF0C846CD7EDC009EA385 /* Pods_FlixTests.framework */; };
		2CCB6B7551598B59DA6397CC /* Pods_Flix_FlixUITests.framework in Frameworks */ = {isa = PBXBuildFile; fileRef = 8B12EB1340F6E9D92F00E5AC /* Pods_Flix_FlixUITests.framework */; };
		B4168C6E27B4B94800EB4B3F /* MovieDetailsViewController.swift in Sources */ = {isa = PBXBuildFile; fileRef = B4168C6D27B4B94800EB4B3F /* MovieDetailsViewController.swift */; };
		B4168C7227B76C2C00EB4B3F /* MovieGridViewController.swift in Sources */ = {isa = PBXBuildFile; fileRef = B4168C7127B76C2C00EB4B3F /* MovieGridViewController.swift */; };
		B4A9CBD327AE522300804B4C /* AppDelegate.swift in Sources */ = {isa = PBXBuildFile; fileRef = B4A9CBD227AE522300804B4C /* AppDelegate.swift */; };
		B4A9CBD527AE522300804B4C /* SceneDelegate.swift in Sources */ = {isa = PBXBuildFile; fileRef = B4A9CBD427AE522300804B4C /* SceneDelegate.swift */; };
		B4A9CBD727AE522300804B4C /* ViewController.swift in Sources */ = {isa = PBXBuildFile; fileRef = B4A9CBD627AE522300804B4C /* ViewController.swift */; };
		B4A9CBDA27AE522300804B4C /* Main.storyboard in Resources */ = {isa = PBXBuildFile; fileRef = B4A9CBD827AE522300804B4C /* Main.storyboard */; };
		B4A9CBDC27AE522500804B4C /* Assets.xcassets in Resources */ = {isa = PBXBuildFile; fileRef = B4A9CBDB27AE522500804B4C /* Assets.xcassets */; };
		B4A9CBDF27AE522500804B4C /* LaunchScreen.storyboard in Resources */ = {isa = PBXBuildFile; fileRef = B4A9CBDD27AE522500804B4C /* LaunchScreen.storyboard */; };
		B4A9CBEA27AE522500804B4C /* FlixTests.swift in Sources */ = {isa = PBXBuildFile; fileRef = B4A9CBE927AE522500804B4C /* FlixTests.swift */; };
		B4A9CBF427AE522500804B4C /* FlixUITests.swift in Sources */ = {isa = PBXBuildFile; fileRef = B4A9CBF327AE522500804B4C /* FlixUITests.swift */; };
		B4A9CBF627AE522500804B4C /* FlixUITestsLaunchTests.swift in Sources */ = {isa = PBXBuildFile; fileRef = B4A9CBF527AE522500804B4C /* FlixUITestsLaunchTests.swift */; };
		B4A9CC0327AF03E400804B4C /* MovieCell.swift in Sources */ = {isa = PBXBuildFile; fileRef = B4A9CC0227AF03E400804B4C /* MovieCell.swift */; };
		B4A9CC0627AF187200804B4C /* AlamofireImage in Frameworks */ = {isa = PBXBuildFile; productRef = B4A9CC0527AF187200804B4C /* AlamofireImage */; };
		B4E420A427B8D13900A4A2E8 /* MovieGridCell.swift in Sources */ = {isa = PBXBuildFile; fileRef = B4E420A327B8D13900A4A2E8 /* MovieGridCell.swift */; };
		D28E7B3B72A6BD73DB92DCA1 /* Pods_Flix.framework in Frameworks */ = {isa = PBXBuildFile; fileRef = 3D5630D05A8F05BDD47CFE2F /* Pods_Flix.framework */; };
/* End PBXBuildFile section */

/* Begin PBXContainerItemProxy section */
		B4A9CBE627AE522500804B4C /* PBXContainerItemProxy */ = {
			isa = PBXContainerItemProxy;
			containerPortal = B4A9CBC727AE522300804B4C /* Project object */;
			proxyType = 1;
			remoteGlobalIDString = B4A9CBCE27AE522300804B4C;
			remoteInfo = Flix;
		};
		B4A9CBF027AE522500804B4C /* PBXContainerItemProxy */ = {
			isa = PBXContainerItemProxy;
			containerPortal = B4A9CBC727AE522300804B4C /* Project object */;
			proxyType = 1;
			remoteGlobalIDString = B4A9CBCE27AE522300804B4C;
			remoteInfo = Flix;
		};
/* End PBXContainerItemProxy section */

/* Begin PBXFileReference section */
		001B72689EAFEABC47121893 /* Pods-Flix-FlixUITests.release.xcconfig */ = {isa = PBXFileReference; includeInIndex = 1; lastKnownFileType = text.xcconfig; name = "Pods-Flix-FlixUITests.release.xcconfig"; path = "Target Support Files/Pods-Flix-FlixUITests/Pods-Flix-FlixUITests.release.xcconfig"; sourceTree = "<group>"; };
		28A15A24A7939C9831D5793D /* Pods-FlixTests.debug.xcconfig */ = {isa = PBXFileReference; includeInIndex = 1; lastKnownFileType = text.xcconfig; name = "Pods-FlixTests.debug.xcconfig"; path = "Target Support Files/Pods-FlixTests/Pods-FlixTests.debug.xcconfig"; sourceTree = "<group>"; };
		35914BAC320DD0102E6F1B52 /* Pods-Flix.release.xcconfig */ = {isa = PBXFileReference; includeInIndex = 1; lastKnownFileType = text.xcconfig; name = "Pods-Flix.release.xcconfig"; path = "Target Support Files/Pods-Flix/Pods-Flix.release.xcconfig"; sourceTree = "<group>"; };
		3D5630D05A8F05BDD47CFE2F /* Pods_Flix.framework */ = {isa = PBXFileReference; explicitFileType = wrapper.framework; includeInIndex = 0; path = Pods_Flix.framework; sourceTree = BUILT_PRODUCTS_DIR; };
		4AD40FFD06D05D44E105A6A2 /* Pods-Flix.debug.xcconfig */ = {isa = PBXFileReference; includeInIndex = 1; lastKnownFileType = text.xcconfig; name = "Pods-Flix.debug.xcconfig"; path = "Target Support Files/Pods-Flix/Pods-Flix.debug.xcconfig"; sourceTree = "<group>"; };
		8B12EB1340F6E9D92F00E5AC /* Pods_Flix_FlixUITests.framework */ = {isa = PBXFileReference; explicitFileType = wrapper.framework; includeInIndex = 0; path = Pods_Flix_FlixUITests.framework; sourceTree = BUILT_PRODUCTS_DIR; };
		9C8CF0C846CD7EDC009EA385 /* Pods_FlixTests.framework */ = {isa = PBXFileReference; explicitFileType = wrapper.framework; includeInIndex = 0; path = Pods_FlixTests.framework; sourceTree = BUILT_PRODUCTS_DIR; };
		A70991054D19C67D0BC11138 /* Pods-Flix-FlixUITests.debug.xcconfig */ = {isa = PBXFileReference; includeInIndex = 1; lastKnownFileType = text.xcconfig; name = "Pods-Flix-FlixUITests.debug.xcconfig"; path = "Target Support Files/Pods-Flix-FlixUITests/Pods-Flix-FlixUITests.debug.xcconfig"; sourceTree = "<group>"; };
		A9C46FA276F39B75A37BE7CA /* Pods-FlixTests.release.xcconfig */ = {isa = PBXFileReference; includeInIndex = 1; lastKnownFileType = text.xcconfig; name = "Pods-FlixTests.release.xcconfig"; path = "Target Support Files/Pods-FlixTests/Pods-FlixTests.release.xcconfig"; sourceTree = "<group>"; };
		B4168C6D27B4B94800EB4B3F /* MovieDetailsViewController.swift */ = {isa = PBXFileReference; lastKnownFileType = sourcecode.swift; path = MovieDetailsViewController.swift; sourceTree = "<group>"; };
		B4168C7127B76C2C00EB4B3F /* MovieGridViewController.swift */ = {isa = PBXFileReference; lastKnownFileType = sourcecode.swift; path = MovieGridViewController.swift; sourceTree = "<group>"; };
		B4A9CBCF27AE522300804B4C /* Flix.app */ = {isa = PBXFileReference; explicitFileType = wrapper.application; includeInIndex = 0; path = Flix.app; sourceTree = BUILT_PRODUCTS_DIR; };
		B4A9CBD227AE522300804B4C /* AppDelegate.swift */ = {isa = PBXFileReference; lastKnownFileType = sourcecode.swift; path = AppDelegate.swift; sourceTree = "<group>"; };
		B4A9CBD427AE522300804B4C /* SceneDelegate.swift */ = {isa = PBXFileReference; lastKnownFileType = sourcecode.swift; path = SceneDelegate.swift; sourceTree = "<group>"; };
		B4A9CBD627AE522300804B4C /* ViewController.swift */ = {isa = PBXFileReference; lastKnownFileType = sourcecode.swift; path = ViewController.swift; sourceTree = "<group>"; };
		B4A9CBD927AE522300804B4C /* Base */ = {isa = PBXFileReference; lastKnownFileType = file.storyboard; name = Base; path = Base.lproj/Main.storyboard; sourceTree = "<group>"; };
		B4A9CBDB27AE522500804B4C /* Assets.xcassets */ = {isa = PBXFileReference; lastKnownFileType = folder.assetcatalog; path = Assets.xcassets; sourceTree = "<group>"; };
		B4A9CBDE27AE522500804B4C /* Base */ = {isa = PBXFileReference; lastKnownFileType = file.storyboard; name = Base; path = Base.lproj/LaunchScreen.storyboard; sourceTree = "<group>"; };
		B4A9CBE027AE522500804B4C /* Info.plist */ = {isa = PBXFileReference; lastKnownFileType = text.plist.xml; path = Info.plist; sourceTree = "<group>"; };
		B4A9CBE527AE522500804B4C /* FlixTests.xctest */ = {isa = PBXFileReference; explicitFileType = wrapper.cfbundle; includeInIndex = 0; path = FlixTests.xctest; sourceTree = BUILT_PRODUCTS_DIR; };
		B4A9CBE927AE522500804B4C /* FlixTests.swift */ = {isa = PBXFileReference; lastKnownFileType = sourcecode.swift; path = FlixTests.swift; sourceTree = "<group>"; };
		B4A9CBEF27AE522500804B4C /* FlixUITests.xctest */ = {isa = PBXFileReference; explicitFileType = wrapper.cfbundle; includeInIndex = 0; path = FlixUITests.xctest; sourceTree = BUILT_PRODUCTS_DIR; };
		B4A9CBF327AE522500804B4C /* FlixUITests.swift */ = {isa = PBXFileReference; lastKnownFileType = sourcecode.swift; path = FlixUITests.swift; sourceTree = "<group>"; };
		B4A9CBF527AE522500804B4C /* FlixUITestsLaunchTests.swift */ = {isa = PBXFileReference; lastKnownFileType = sourcecode.swift; path = FlixUITestsLaunchTests.swift; sourceTree = "<group>"; };
		B4A9CC0227AF03E400804B4C /* MovieCell.swift */ = {isa = PBXFileReference; lastKnownFileType = sourcecode.swift; path = MovieCell.swift; sourceTree = "<group>"; };
		B4E420A327B8D13900A4A2E8 /* MovieGridCell.swift */ = {isa = PBXFileReference; lastKnownFileType = sourcecode.swift; path = MovieGridCell.swift; sourceTree = "<group>"; };
/* End PBXFileReference section */

/* Begin PBXFrameworksBuildPhase section */
		B4A9CBCC27AE522300804B4C /* Frameworks */ = {
			isa = PBXFrameworksBuildPhase;
			buildActionMask = 2147483647;
			files = (
				B4A9CC0627AF187200804B4C /* AlamofireImage in Frameworks */,
				D28E7B3B72A6BD73DB92DCA1 /* Pods_Flix.framework in Frameworks */,
			);
			runOnlyForDeploymentPostprocessing = 0;
		};
		B4A9CBE227AE522500804B4C /* Frameworks */ = {
			isa = PBXFrameworksBuildPhase;
			buildActionMask = 2147483647;
			files = (
				1EECDB6C4788BBB71D3EE114 /* Pods_FlixTests.framework in Frameworks */,
			);
			runOnlyForDeploymentPostprocessing = 0;
		};
		B4A9CBEC27AE522500804B4C /* Frameworks */ = {
			isa = PBXFrameworksBuildPhase;
			buildActionMask = 2147483647;
			files = (
				2CCB6B7551598B59DA6397CC /* Pods_Flix_FlixUITests.framework in Frameworks */,
			);
			runOnlyForDeploymentPostprocessing = 0;
		};
/* End PBXFrameworksBuildPhase section */

/* Begin PBXGroup section */
		3392C25ADCD171DC186DFBC8 /* Pods */ = {
			isa = PBXGroup;
			children = (
				4AD40FFD06D05D44E105A6A2 /* Pods-Flix.debug.xcconfig */,
				35914BAC320DD0102E6F1B52 /* Pods-Flix.release.xcconfig */,
				A70991054D19C67D0BC11138 /* Pods-Flix-FlixUITests.debug.xcconfig */,
				001B72689EAFEABC47121893 /* Pods-Flix-FlixUITests.release.xcconfig */,
				28A15A24A7939C9831D5793D /* Pods-FlixTests.debug.xcconfig */,
				A9C46FA276F39B75A37BE7CA /* Pods-FlixTests.release.xcconfig */,
			);
			path = Pods;
			sourceTree = "<group>";
		};
		B4A9CBC627AE522300804B4C = {
			isa = PBXGroup;
			children = (
				B4A9CBD127AE522300804B4C /* Flix */,
				B4A9CBE827AE522500804B4C /* FlixTests */,
				B4A9CBF227AE522500804B4C /* FlixUITests */,
				B4A9CBD027AE522300804B4C /* Products */,
				3392C25ADCD171DC186DFBC8 /* Pods */,
				E8CFB466713DC36AB187D6BF /* Frameworks */,
			);
			sourceTree = "<group>";
		};
		B4A9CBD027AE522300804B4C /* Products */ = {
			isa = PBXGroup;
			children = (
				B4A9CBCF27AE522300804B4C /* Flix.app */,
				B4A9CBE527AE522500804B4C /* FlixTests.xctest */,
				B4A9CBEF27AE522500804B4C /* FlixUITests.xctest */,
			);
			name = Products;
			sourceTree = "<group>";
		};
		B4A9CBD127AE522300804B4C /* Flix */ = {
			isa = PBXGroup;
			children = (
				B4A9CBD227AE522300804B4C /* AppDelegate.swift */,
				B4A9CBD427AE522300804B4C /* SceneDelegate.swift */,
				B4A9CBD627AE522300804B4C /* ViewController.swift */,
				B4A9CBD827AE522300804B4C /* Main.storyboard */,
				B4168C6D27B4B94800EB4B3F /* MovieDetailsViewController.swift */,
				B4A9CBDB27AE522500804B4C /* Assets.xcassets */,
				B4A9CBDD27AE522500804B4C /* LaunchScreen.storyboard */,
				B4A9CBE027AE522500804B4C /* Info.plist */,
				B4A9CC0227AF03E400804B4C /* MovieCell.swift */,
				B4E420A327B8D13900A4A2E8 /* MovieGridCell.swift */,
				B4168C7127B76C2C00EB4B3F /* MovieGridViewController.swift */,
			);
			path = Flix;
			sourceTree = "<group>";
		};
		B4A9CBE827AE522500804B4C /* FlixTests */ = {
			isa = PBXGroup;
			children = (
				B4A9CBE927AE522500804B4C /* FlixTests.swift */,
			);
			path = FlixTests;
			sourceTree = "<group>";
		};
		B4A9CBF227AE522500804B4C /* FlixUITests */ = {
			isa = PBXGroup;
			children = (
				B4A9CBF327AE522500804B4C /* FlixUITests.swift */,
				B4A9CBF527AE522500804B4C /* FlixUITestsLaunchTests.swift */,
			);
			path = FlixUITests;
			sourceTree = "<group>";
		};
		E8CFB466713DC36AB187D6BF /* Frameworks */ = {
			isa = PBXGroup;
			children = (
				3D5630D05A8F05BDD47CFE2F /* Pods_Flix.framework */,
				8B12EB1340F6E9D92F00E5AC /* Pods_Flix_FlixUITests.framework */,
				9C8CF0C846CD7EDC009EA385 /* Pods_FlixTests.framework */,
			);
			name = Frameworks;
			sourceTree = "<group>";
		};
/* End PBXGroup section */

/* Begin PBXNativeTarget section */
		B4A9CBCE27AE522300804B4C /* Flix */ = {
			isa = PBXNativeTarget;
			buildConfigurationList = B4A9CBF927AE522500804B4C /* Build configuration list for PBXNativeTarget "Flix" */;
			buildPhases = (
				074ECFE3D766C86A4AD2790D /* [CP] Check Pods Manifest.lock */,
				B4A9CBCB27AE522300804B4C /* Sources */,
				B4A9CBCC27AE522300804B4C /* Frameworks */,
				B4A9CBCD27AE522300804B4C /* Resources */,
				FE071047A47B833245D205EC /* [CP] Embed Pods Frameworks */,
			);
			buildRules = (
			);
			dependencies = (
			);
			name = Flix;
			packageProductDependencies = (
				B4A9CC0527AF187200804B4C /* AlamofireImage */,
			);
			productName = Flix;
			productReference = B4A9CBCF27AE522300804B4C /* Flix.app */;
			productType = "com.apple.product-type.application";
		};
		B4A9CBE427AE522500804B4C /* FlixTests */ = {
			isa = PBXNativeTarget;
			buildConfigurationList = B4A9CBFC27AE522500804B4C /* Build configuration list for PBXNativeTarget "FlixTests" */;
			buildPhases = (
				DBA92964DAC572B521BC6876 /* [CP] Check Pods Manifest.lock */,
				B4A9CBE127AE522500804B4C /* Sources */,
				B4A9CBE227AE522500804B4C /* Frameworks */,
				B4A9CBE327AE522500804B4C /* Resources */,
			);
			buildRules = (
			);
			dependencies = (
				B4A9CBE727AE522500804B4C /* PBXTargetDependency */,
			);
			name = FlixTests;
			productName = FlixTests;
			productReference = B4A9CBE527AE522500804B4C /* FlixTests.xctest */;
			productType = "com.apple.product-type.bundle.unit-test";
		};
		B4A9CBEE27AE522500804B4C /* FlixUITests */ = {
			isa = PBXNativeTarget;
			buildConfigurationList = B4A9CBFF27AE522500804B4C /* Build configuration list for PBXNativeTarget "FlixUITests" */;
			buildPhases = (
				0F02432700262755F1E6BE0D /* [CP] Check Pods Manifest.lock */,
				B4A9CBEB27AE522500804B4C /* Sources */,
				B4A9CBEC27AE522500804B4C /* Frameworks */,
				B4A9CBED27AE522500804B4C /* Resources */,
				AD5D7200CF2DE2DDC5B58BCF /* [CP] Embed Pods Frameworks */,
			);
			buildRules = (
			);
			dependencies = (
				B4A9CBF127AE522500804B4C /* PBXTargetDependency */,
			);
			name = FlixUITests;
			productName = FlixUITests;
			productReference = B4A9CBEF27AE522500804B4C /* FlixUITests.xctest */;
			productType = "com.apple.product-type.bundle.ui-testing";
		};
/* End PBXNativeTarget section */

/* Begin PBXProject section */
		B4A9CBC727AE522300804B4C /* Project object */ = {
			isa = PBXProject;
			attributes = {
				BuildIndependentTargetsInParallel = 1;
				LastSwiftUpdateCheck = 1320;
				LastUpgradeCheck = 1320;
				TargetAttributes = {
					B4A9CBCE27AE522300804B4C = {
						CreatedOnToolsVersion = 13.2.1;
					};
					B4A9CBE427AE522500804B4C = {
						CreatedOnToolsVersion = 13.2.1;
						TestTargetID = B4A9CBCE27AE522300804B4C;
					};
					B4A9CBEE27AE522500804B4C = {
						CreatedOnToolsVersion = 13.2.1;
						TestTargetID = B4A9CBCE27AE522300804B4C;
					};
				};
			};
			buildConfigurationList = B4A9CBCA27AE522300804B4C /* Build configuration list for PBXProject "Flix" */;
			compatibilityVersion = "Xcode 13.0";
			developmentRegion = en;
			hasScannedForEncodings = 0;
			knownRegions = (
				en,
				Base,
			);
			mainGroup = B4A9CBC627AE522300804B4C;
			packageReferences = (
				B4A9CC0427AF187200804B4C /* XCRemoteSwiftPackageReference "AlamofireImage" */,
			);
			productRefGroup = B4A9CBD027AE522300804B4C /* Products */;
			projectDirPath = "";
			projectRoot = "";
			targets = (
				B4A9CBCE27AE522300804B4C /* Flix */,
				B4A9CBE427AE522500804B4C /* FlixTests */,
				B4A9CBEE27AE522500804B4C /* FlixUITests */,
			);
		};
/* End PBXProject section */

/* Begin PBXResourcesBuildPhase section */
		B4A9CBCD27AE522300804B4C /* Resources */ = {
			isa = PBXResourcesBuildPhase;
			buildActionMask = 2147483647;
			files = (
				B4A9CBDF27AE522500804B4C /* LaunchScreen.storyboard in Resources */,
				B4A9CBDC27AE522500804B4C /* Assets.xcassets in Resources */,
				B4A9CBDA27AE522300804B4C /* Main.storyboard in Resources */,
			);
			runOnlyForDeploymentPostprocessing = 0;
		};
		B4A9CBE327AE522500804B4C /* Resources */ = {
			isa = PBXResourcesBuildPhase;
			buildActionMask = 2147483647;
			files = (
			);
			runOnlyForDeploymentPostprocessing = 0;
		};
		B4A9CBED27AE522500804B4C /* Resources */ = {
			isa = PBXResourcesBuildPhase;
			buildActionMask = 2147483647;
			files = (
			);
			runOnlyForDeploymentPostprocessing = 0;
		};
/* End PBXResourcesBuildPhase section */

/* Begin PBXShellScriptBuildPhase section */
		074ECFE3D766C86A4AD2790D /* [CP] Check Pods Manifest.lock */ = {
			isa = PBXShellScriptBuildPhase;
			buildActionMask = 2147483647;
			files = (
			);
			inputFileListPaths = (
			);
			inputPaths = (
				"${PODS_PODFILE_DIR_PATH}/Podfile.lock",
				"${PODS_ROOT}/Manifest.lock",
			);
			name = "[CP] Check Pods Manifest.lock";
			outputFileListPaths = (
			);
			outputPaths = (
				"$(DERIVED_FILE_DIR)/Pods-Flix-checkManifestLockResult.txt",
			);
			runOnlyForDeploymentPostprocessing = 0;
			shellPath = /bin/sh;
			shellScript = "diff \"${PODS_PODFILE_DIR_PATH}/Podfile.lock\" \"${PODS_ROOT}/Manifest.lock\" > /dev/null\nif [ $? != 0 ] ; then\n    # print error to STDERR\n    echo \"error: The sandbox is not in sync with the Podfile.lock. Run 'pod install' or update your CocoaPods installation.\" >&2\n    exit 1\nfi\n# This output is used by Xcode 'outputs' to avoid re-running this script phase.\necho \"SUCCESS\" > \"${SCRIPT_OUTPUT_FILE_0}\"\n";
			showEnvVarsInLog = 0;
		};
		0F02432700262755F1E6BE0D /* [CP] Check Pods Manifest.lock */ = {
			isa = PBXShellScriptBuildPhase;
			buildActionMask = 2147483647;
			files = (
			);
			inputFileListPaths = (
			);
			inputPaths = (
				"${PODS_PODFILE_DIR_PATH}/Podfile.lock",
				"${PODS_ROOT}/Manifest.lock",
			);
			name = "[CP] Check Pods Manifest.lock";
			outputFileListPaths = (
			);
			outputPaths = (
				"$(DERIVED_FILE_DIR)/Pods-Flix-FlixUITests-checkManifestLockResult.txt",
			);
			runOnlyForDeploymentPostprocessing = 0;
			shellPath = /bin/sh;
			shellScript = "diff \"${PODS_PODFILE_DIR_PATH}/Podfile.lock\" \"${PODS_ROOT}/Manifest.lock\" > /dev/null\nif [ $? != 0 ] ; then\n    # print error to STDERR\n    echo \"error: The sandbox is not in sync with the Podfile.lock. Run 'pod install' or update your CocoaPods installation.\" >&2\n    exit 1\nfi\n# This output is used by Xcode 'outputs' to avoid re-running this script phase.\necho \"SUCCESS\" > \"${SCRIPT_OUTPUT_FILE_0}\"\n";
			showEnvVarsInLog = 0;
		};
		AD5D7200CF2DE2DDC5B58BCF /* [CP] Embed Pods Frameworks */ = {
			isa = PBXShellScriptBuildPhase;
			buildActionMask = 2147483647;
			files = (
			);
			inputFileListPaths = (
				"${PODS_ROOT}/Target Support Files/Pods-Flix-FlixUITests/Pods-Flix-FlixUITests-frameworks-${CONFIGURATION}-input-files.xcfilelist",
			);
			name = "[CP] Embed Pods Frameworks";
			outputFileListPaths = (
				"${PODS_ROOT}/Target Support Files/Pods-Flix-FlixUITests/Pods-Flix-FlixUITests-frameworks-${CONFIGURATION}-output-files.xcfilelist",
			);
			runOnlyForDeploymentPostprocessing = 0;
			shellPath = /bin/sh;
			shellScript = "\"${PODS_ROOT}/Target Support Files/Pods-Flix-FlixUITests/Pods-Flix-FlixUITests-frameworks.sh\"\n";
			showEnvVarsInLog = 0;
		};
		DBA92964DAC572B521BC6876 /* [CP] Check Pods Manifest.lock */ = {
			isa = PBXShellScriptBuildPhase;
			buildActionMask = 2147483647;
			files = (
			);
			inputFileListPaths = (
			);
			inputPaths = (
				"${PODS_PODFILE_DIR_PATH}/Podfile.lock",
				"${PODS_ROOT}/Manifest.lock",
			);
			name = "[CP] Check Pods Manifest.lock";
			outputFileListPaths = (
			);
			outputPaths = (
				"$(DERIVED_FILE_DIR)/Pods-FlixTests-checkManifestLockResult.txt",
			);
			runOnlyForDeploymentPostprocessing = 0;
			shellPath = /bin/sh;
			shellScript = "diff \"${PODS_PODFILE_DIR_PATH}/Podfile.lock\" \"${PODS_ROOT}/Manifest.lock\" > /dev/null\nif [ $? != 0 ] ; then\n    # print error to STDERR\n    echo \"error: The sandbox is not in sync with the Podfile.lock. Run 'pod install' or update your CocoaPods installation.\" >&2\n    exit 1\nfi\n# This output is used by Xcode 'outputs' to avoid re-running this script phase.\necho \"SUCCESS\" > \"${SCRIPT_OUTPUT_FILE_0}\"\n";
			showEnvVarsInLog = 0;
		};
		FE071047A47B833245D205EC /* [CP] Embed Pods Frameworks */ = {
			isa = PBXShellScriptBuildPhase;
			buildActionMask = 2147483647;
			files = (
			);
			inputFileListPaths = (
				"${PODS_ROOT}/Target Support Files/Pods-Flix/Pods-Flix-frameworks-${CONFIGURATION}-input-files.xcfilelist",
			);
			name = "[CP] Embed Pods Frameworks";
			outputFileListPaths = (
				"${PODS_ROOT}/Target Support Files/Pods-Flix/Pods-Flix-frameworks-${CONFIGURATION}-output-files.xcfilelist",
			);
			runOnlyForDeploymentPostprocessing = 0;
			shellPath = /bin/sh;
			shellScript = "\"${PODS_ROOT}/Target Support Files/Pods-Flix/Pods-Flix-frameworks.sh\"\n";
			showEnvVarsInLog = 0;
		};
/* End PBXShellScriptBuildPhase section */

/* Begin PBXSourcesBuildPhase section */
		B4A9CBCB27AE522300804B4C /* Sources */ = {
			isa = PBXSourcesBuildPhase;
			buildActionMask = 2147483647;
			files = (
				B4168C6E27B4B94800EB4B3F /* MovieDetailsViewController.swift in Sources */,
				B4A9CBD727AE522300804B4C /* ViewController.swift in Sources */,
				B4A9CBD327AE522300804B4C /* AppDelegate.swift in Sources */,
				B4A9CC0327AF03E400804B4C /* MovieCell.swift in Sources */,
				B4A9CBD527AE522300804B4C /* SceneDelegate.swift in Sources */,
				B4168C7227B76C2C00EB4B3F /* MovieGridViewController.swift in Sources */,
				B4E420A427B8D13900A4A2E8 /* MovieGridCell.swift in Sources */,
			);
			runOnlyForDeploymentPostprocessing = 0;
		};
		B4A9CBE127AE522500804B4C /* Sources */ = {
			isa = PBXSourcesBuildPhase;
			buildActionMask = 2147483647;
			files = (
				B4A9CBEA27AE522500804B4C /* FlixTests.swift in Sources */,
			);
			runOnlyForDeploymentPostprocessing = 0;
		};
		B4A9CBEB27AE522500804B4C /* Sources */ = {
			isa = PBXSourcesBuildPhase;
			buildActionMask = 2147483647;
			files = (
				B4A9CBF427AE522500804B4C /* FlixUITests.swift in Sources */,
				B4A9CBF627AE522500804B4C /* FlixUITestsLaunchTests.swift in Sources */,
			);
			runOnlyForDeploymentPostprocessing = 0;
		};
/* End PBXSourcesBuildPhase section */

/* Begin PBXTargetDependency section */
		B4A9CBE727AE522500804B4C /* PBXTargetDependency */ = {
			isa = PBXTargetDependency;
			target = B4A9CBCE27AE522300804B4C /* Flix */;
			targetProxy = B4A9CBE627AE522500804B4C /* PBXContainerItemProxy */;
		};
		B4A9CBF127AE522500804B4C /* PBXTargetDependency */ = {
			isa = PBXTargetDependency;
			target = B4A9CBCE27AE522300804B4C /* Flix */;
			targetProxy = B4A9CBF027AE522500804B4C /* PBXContainerItemProxy */;
		};
/* End PBXTargetDependency section */

/* Begin PBXVariantGroup section */
		B4A9CBD827AE522300804B4C /* Main.storyboard */ = {
			isa = PBXVariantGroup;
			children = (
				B4A9CBD927AE522300804B4C /* Base */,
			);
			name = Main.storyboard;
			sourceTree = "<group>";
		};
		B4A9CBDD27AE522500804B4C /* LaunchScreen.storyboard */ = {
			isa = PBXVariantGroup;
			children = (
				B4A9CBDE27AE522500804B4C /* Base */,
			);
			name = LaunchScreen.storyboard;
			sourceTree = "<group>";
		};
/* End PBXVariantGroup section */

/* Begin XCBuildConfiguration section */
		B4A9CBF727AE522500804B4C /* Debug */ = {
			isa = XCBuildConfiguration;
			buildSettings = {
				ALWAYS_SEARCH_USER_PATHS = NO;
				CLANG_ANALYZER_NONNULL = YES;
				CLANG_ANALYZER_NUMBER_OBJECT_CONVERSION = YES_AGGRESSIVE;
				CLANG_CXX_LANGUAGE_STANDARD = "gnu++17";
				CLANG_CXX_LIBRARY = "libc++";
				CLANG_ENABLE_MODULES = YES;
				CLANG_ENABLE_OBJC_ARC = YES;
				CLANG_ENABLE_OBJC_WEAK = YES;
				CLANG_WARN_BLOCK_CAPTURE_AUTORELEASING = YES;
				CLANG_WARN_BOOL_CONVERSION = YES;
				CLANG_WARN_COMMA = YES;
				CLANG_WARN_CONSTANT_CONVERSION = YES;
				CLANG_WARN_DEPRECATED_OBJC_IMPLEMENTATIONS = YES;
				CLANG_WARN_DIRECT_OBJC_ISA_USAGE = YES_ERROR;
				CLANG_WARN_DOCUMENTATION_COMMENTS = YES;
				CLANG_WARN_EMPTY_BODY = YES;
				CLANG_WARN_ENUM_CONVERSION = YES;
				CLANG_WARN_INFINITE_RECURSION = YES;
				CLANG_WARN_INT_CONVERSION = YES;
				CLANG_WARN_NON_LITERAL_NULL_CONVERSION = YES;
				CLANG_WARN_OBJC_IMPLICIT_RETAIN_SELF = YES;
				CLANG_WARN_OBJC_LITERAL_CONVERSION = YES;
				CLANG_WARN_OBJC_ROOT_CLASS = YES_ERROR;
				CLANG_WARN_QUOTED_INCLUDE_IN_FRAMEWORK_HEADER = YES;
				CLANG_WARN_RANGE_LOOP_ANALYSIS = YES;
				CLANG_WARN_STRICT_PROTOTYPES = YES;
				CLANG_WARN_SUSPICIOUS_MOVE = YES;
				CLANG_WARN_UNGUARDED_AVAILABILITY = YES_AGGRESSIVE;
				CLANG_WARN_UNREACHABLE_CODE = YES;
				CLANG_WARN__DUPLICATE_METHOD_MATCH = YES;
				COPY_PHASE_STRIP = NO;
				DEBUG_INFORMATION_FORMAT = dwarf;
				ENABLE_STRICT_OBJC_MSGSEND = YES;
				ENABLE_TESTABILITY = YES;
				GCC_C_LANGUAGE_STANDARD = gnu11;
				GCC_DYNAMIC_NO_PIC = NO;
				GCC_NO_COMMON_BLOCKS = YES;
				GCC_OPTIMIZATION_LEVEL = 0;
				GCC_PREPROCESSOR_DEFINITIONS = (
					"DEBUG=1",
					"$(inherited)",
				);
				GCC_WARN_64_TO_32_BIT_CONVERSION = YES;
				GCC_WARN_ABOUT_RETURN_TYPE = YES_ERROR;
				GCC_WARN_UNDECLARED_SELECTOR = YES;
				GCC_WARN_UNINITIALIZED_AUTOS = YES_AGGRESSIVE;
				GCC_WARN_UNUSED_FUNCTION = YES;
				GCC_WARN_UNUSED_VARIABLE = YES;
				IPHONEOS_DEPLOYMENT_TARGET = 15.2;
				MTL_ENABLE_DEBUG_INFO = INCLUDE_SOURCE;
				MTL_FAST_MATH = YES;
				ONLY_ACTIVE_ARCH = YES;
				SDKROOT = iphoneos;
				SWIFT_ACTIVE_COMPILATION_CONDITIONS = DEBUG;
				SWIFT_OPTIMIZATION_LEVEL = "-Onone";
			};
			name = Debug;
		};
		B4A9CBF827AE522500804B4C /* Release */ = {
			isa = XCBuildConfiguration;
			buildSettings = {
				ALWAYS_SEARCH_USER_PATHS = NO;
				CLANG_ANALYZER_NONNULL = YES;
				CLANG_ANALYZER_NUMBER_OBJECT_CONVERSION = YES_AGGRESSIVE;
				CLANG_CXX_LANGUAGE_STANDARD = "gnu++17";
				CLANG_CXX_LIBRARY = "libc++";
				CLANG_ENABLE_MODULES = YES;
				CLANG_ENABLE_OBJC_ARC = YES;
				CLANG_ENABLE_OBJC_WEAK = YES;
				CLANG_WARN_BLOCK_CAPTURE_AUTORELEASING = YES;
				CLANG_WARN_BOOL_CONVERSION = YES;
				CLANG_WARN_COMMA = YES;
				CLANG_WARN_CONSTANT_CONVERSION = YES;
				CLANG_WARN_DEPRECATED_OBJC_IMPLEMENTATIONS = YES;
				CLANG_WARN_DIRECT_OBJC_ISA_USAGE = YES_ERROR;
				CLANG_WARN_DOCUMENTATION_COMMENTS = YES;
				CLANG_WARN_EMPTY_BODY = YES;
				CLANG_WARN_ENUM_CONVERSION = YES;
				CLANG_WARN_INFINITE_RECURSION = YES;
				CLANG_WARN_INT_CONVERSION = YES;
				CLANG_WARN_NON_LITERAL_NULL_CONVERSION = YES;
				CLANG_WARN_OBJC_IMPLICIT_RETAIN_SELF = YES;
				CLANG_WARN_OBJC_LITERAL_CONVERSION = YES;
				CLANG_WARN_OBJC_ROOT_CLASS = YES_ERROR;
				CLANG_WARN_QUOTED_INCLUDE_IN_FRAMEWORK_HEADER = YES;
				CLANG_WARN_RANGE_LOOP_ANALYSIS = YES;
				CLANG_WARN_STRICT_PROTOTYPES = YES;
				CLANG_WARN_SUSPICIOUS_MOVE = YES;
				CLANG_WARN_UNGUARDED_AVAILABILITY = YES_AGGRESSIVE;
				CLANG_WARN_UNREACHABLE_CODE = YES;
				CLANG_WARN__DUPLICATE_METHOD_MATCH = YES;
				COPY_PHASE_STRIP = NO;
				DEBUG_INFORMATION_FORMAT = "dwarf-with-dsym";
				ENABLE_NS_ASSERTIONS = NO;
				ENABLE_STRICT_OBJC_MSGSEND = YES;
				GCC_C_LANGUAGE_STANDARD = gnu11;
				GCC_NO_COMMON_BLOCKS = YES;
				GCC_WARN_64_TO_32_BIT_CONVERSION = YES;
				GCC_WARN_ABOUT_RETURN_TYPE = YES_ERROR;
				GCC_WARN_UNDECLARED_SELECTOR = YES;
				GCC_WARN_UNINITIALIZED_AUTOS = YES_AGGRESSIVE;
				GCC_WARN_UNUSED_FUNCTION = YES;
				GCC_WARN_UNUSED_VARIABLE = YES;
				IPHONEOS_DEPLOYMENT_TARGET = 15.2;
				MTL_ENABLE_DEBUG_INFO = NO;
				MTL_FAST_MATH = YES;
				SDKROOT = iphoneos;
				SWIFT_COMPILATION_MODE = wholemodule;
				SWIFT_OPTIMIZATION_LEVEL = "-O";
				VALIDATE_PRODUCT = YES;
			};
			name = Release;
		};
		B4A9CBFA27AE522500804B4C /* Debug */ = {
			isa = XCBuildConfiguration;
			baseConfigurationReference = 4AD40FFD06D05D44E105A6A2 /* Pods-Flix.debug.xcconfig */;
			buildSettings = {
				ASSETCATALOG_COMPILER_APPICON_NAME = AppIcon;
				ASSETCATALOG_COMPILER_GLOBAL_ACCENT_COLOR_NAME = AccentColor;
				CODE_SIGN_STYLE = Automatic;
				CURRENT_PROJECT_VERSION = 1;
				DEVELOPMENT_TEAM = 456J9BF7RJ;
				GENERATE_INFOPLIST_FILE = YES;
				INFOPLIST_FILE = Flix/Info.plist;
				INFOPLIST_KEY_UIApplicationSupportsIndirectInputEvents = YES;
				INFOPLIST_KEY_UILaunchStoryboardName = LaunchScreen;
				INFOPLIST_KEY_UIMainStoryboardFile = Main;
				INFOPLIST_KEY_UISupportedInterfaceOrientations_iPad = "UIInterfaceOrientationPortrait UIInterfaceOrientationPortraitUpsideDown UIInterfaceOrientationLandscapeLeft UIInterfaceOrientationLandscapeRight";
				INFOPLIST_KEY_UISupportedInterfaceOrientations_iPhone = "UIInterfaceOrientationPortrait UIInterfaceOrientationLandscapeLeft UIInterfaceOrientationLandscapeRight";
				LD_RUNPATH_SEARCH_PATHS = (
					"$(inherited)",
					"@executable_path/Frameworks",
				);
				MARKETING_VERSION = 1.0;
				PRODUCT_BUNDLE_IDENTIFIER = com.gabrield0907.Flix;
				PRODUCT_NAME = "$(TARGET_NAME)";
				SWIFT_EMIT_LOC_STRINGS = YES;
				SWIFT_VERSION = 5.0;
				TARGETED_DEVICE_FAMILY = "1,2";
			};
			name = Debug;
		};
		B4A9CBFB27AE522500804B4C /* Release */ = {
			isa = XCBuildConfiguration;
			baseConfigurationReference = 35914BAC320DD0102E6F1B52 /* Pods-Flix.release.xcconfig */;
			buildSettings = {
				ASSETCATALOG_COMPILER_APPICON_NAME = AppIcon;
				ASSETCATALOG_COMPILER_GLOBAL_ACCENT_COLOR_NAME = AccentColor;
				CODE_SIGN_STYLE = Automatic;
				CURRENT_PROJECT_VERSION = 1;
				DEVELOPMENT_TEAM = 456J9BF7RJ;
				GENERATE_INFOPLIST_FILE = YES;
				INFOPLIST_FILE = Flix/Info.plist;
				INFOPLIST_KEY_UIApplicationSupportsIndirectInputEvents = YES;
				INFOPLIST_KEY_UILaunchStoryboardName = LaunchScreen;
				INFOPLIST_KEY_UIMainStoryboardFile = Main;
				INFOPLIST_KEY_UISupportedInterfaceOrientations_iPad = "UIInterfaceOrientationPortrait UIInterfaceOrientationPortraitUpsideDown UIInterfaceOrientationLandscapeLeft UIInterfaceOrientationLandscapeRight";
				INFOPLIST_KEY_UISupportedInterfaceOrientations_iPhone = "UIInterfaceOrientationPortrait UIInterfaceOrientationLandscapeLeft UIInterfaceOrientationLandscapeRight";
				LD_RUNPATH_SEARCH_PATHS = (
					"$(inherited)",
					"@executable_path/Frameworks",
				);
				MARKETING_VERSION = 1.0;
				PRODUCT_BUNDLE_IDENTIFIER = com.gabrield0907.Flix;
				PRODUCT_NAME = "$(TARGET_NAME)";
				SWIFT_EMIT_LOC_STRINGS = YES;
				SWIFT_VERSION = 5.0;
				TARGETED_DEVICE_FAMILY = "1,2";
			};
			name = Release;
		};
		B4A9CBFD27AE522500804B4C /* Debug */ = {
			isa = XCBuildConfiguration;
			baseConfigurationReference = 28A15A24A7939C9831D5793D /* Pods-FlixTests.debug.xcconfig */;
			buildSettings = {
				ALWAYS_EMBED_SWIFT_STANDARD_LIBRARIES = YES;
				BUNDLE_LOADER = "$(TEST_HOST)";
				CODE_SIGN_STYLE = Automatic;
				CURRENT_PROJECT_VERSION = 1;
				DEVELOPMENT_TEAM = 456J9BF7RJ;
				GENERATE_INFOPLIST_FILE = YES;
				IPHONEOS_DEPLOYMENT_TARGET = 15.2;
				MARKETING_VERSION = 1.0;
				PRODUCT_BUNDLE_IDENTIFIER = com.gabrield0907.FlixTests;
				PRODUCT_NAME = "$(TARGET_NAME)";
				SWIFT_EMIT_LOC_STRINGS = NO;
				SWIFT_VERSION = 5.0;
				TARGETED_DEVICE_FAMILY = "1,2";
				TEST_HOST = "$(BUILT_PRODUCTS_DIR)/Flix.app/Flix";
			};
			name = Debug;
		};
		B4A9CBFE27AE522500804B4C /* Release */ = {
			isa = XCBuildConfiguration;
			baseConfigurationReference = A9C46FA276F39B75A37BE7CA /* Pods-FlixTests.release.xcconfig */;
			buildSettings = {
				ALWAYS_EMBED_SWIFT_STANDARD_LIBRARIES = YES;
				BUNDLE_LOADER = "$(TEST_HOST)";
				CODE_SIGN_STYLE = Automatic;
				CURRENT_PROJECT_VERSION = 1;
				DEVELOPMENT_TEAM = 456J9BF7RJ;
				GENERATE_INFOPLIST_FILE = YES;
				IPHONEOS_DEPLOYMENT_TARGET = 15.2;
				MARKETING_VERSION = 1.0;
				PRODUCT_BUNDLE_IDENTIFIER = com.gabrield0907.FlixTests;
				PRODUCT_NAME = "$(TARGET_NAME)";
				SWIFT_EMIT_LOC_STRINGS = NO;
				SWIFT_VERSION = 5.0;
				TARGETED_DEVICE_FAMILY = "1,2";
				TEST_HOST = "$(BUILT_PRODUCTS_DIR)/Flix.app/Flix";
			};
			name = Release;
		};
		B4A9CC0027AE522500804B4C /* Debug */ = {
			isa = XCBuildConfiguration;
			baseConfigurationReference = A70991054D19C67D0BC11138 /* Pods-Flix-FlixUITests.debug.xcconfig */;
			buildSettings = {
				ALWAYS_EMBED_SWIFT_STANDARD_LIBRARIES = YES;
				CODE_SIGN_STYLE = Automatic;
				CURRENT_PROJECT_VERSION = 1;
				DEVELOPMENT_TEAM = 456J9BF7RJ;
				GENERATE_INFOPLIST_FILE = YES;
				MARKETING_VERSION = 1.0;
				PRODUCT_BUNDLE_IDENTIFIER = com.gabrield0907.FlixUITests;
				PRODUCT_NAME = "$(TARGET_NAME)";
				SWIFT_EMIT_LOC_STRINGS = NO;
				SWIFT_VERSION = 5.0;
				TARGETED_DEVICE_FAMILY = "1,2";
				TEST_TARGET_NAME = Flix;
			};
			name = Debug;
		};
		B4A9CC0127AE522500804B4C /* Release */ = {
			isa = XCBuildConfiguration;
			baseConfigurationReference = 001B72689EAFEABC47121893 /* Pods-Flix-FlixUITests.release.xcconfig */;
			buildSettings = {
				ALWAYS_EMBED_SWIFT_STANDARD_LIBRARIES = YES;
				CODE_SIGN_STYLE = Automatic;
				CURRENT_PROJECT_VERSION = 1;
				DEVELOPMENT_TEAM = 456J9BF7RJ;
				GENERATE_INFOPLIST_FILE = YES;
				MARKETING_VERSION = 1.0;
				PRODUCT_BUNDLE_IDENTIFIER = com.gabrield0907.FlixUITests;
				PRODUCT_NAME = "$(TARGET_NAME)";
				SWIFT_EMIT_LOC_STRINGS = NO;
				SWIFT_VERSION = 5.0;
				TARGETED_DEVICE_FAMILY = "1,2";
				TEST_TARGET_NAME = Flix;
			};
			name = Release;
		};
/* End XCBuildConfiguration section */

/* Begin XCConfigurationList section */
		B4A9CBCA27AE522300804B4C /* Build configuration list for PBXProject "Flix" */ = {
			isa = XCConfigurationList;
			buildConfigurations = (
				B4A9CBF727AE522500804B4C /* Debug */,
				B4A9CBF827AE522500804B4C /* Release */,
			);
			defaultConfigurationIsVisible = 0;
			defaultConfigurationName = Release;
		};
		B4A9CBF927AE522500804B4C /* Build configuration list for PBXNativeTarget "Flix" */ = {
			isa = XCConfigurationList;
			buildConfigurations = (
				B4A9CBFA27AE522500804B4C /* Debug */,
				B4A9CBFB27AE522500804B4C /* Release */,
			);
			defaultConfigurationIsVisible = 0;
			defaultConfigurationName = Release;
		};
		B4A9CBFC27AE522500804B4C /* Build configuration list for PBXNativeTarget "FlixTests" */ = {
			isa = XCConfigurationList;
			buildConfigurations = (
				B4A9CBFD27AE522500804B4C /* Debug */,
				B4A9CBFE27AE522500804B4C /* Release */,
			);
			defaultConfigurationIsVisible = 0;
			defaultConfigurationName = Release;
		};
		B4A9CBFF27AE522500804B4C /* Build configuration list for PBXNativeTarget "FlixUITests" */ = {
			isa = XCConfigurationList;
			buildConfigurations = (
				B4A9CC0027AE522500804B4C /* Debug */,
				B4A9CC0127AE522500804B4C /* Release */,
			);
			defaultConfigurationIsVisible = 0;
			defaultConfigurationName = Release;
		};
/* End XCConfigurationList section */

/* Begin XCRemoteSwiftPackageReference section */
		B4A9CC0427AF187200804B4C /* XCRemoteSwiftPackageReference "AlamofireImage" */ = {
			isa = XCRemoteSwiftPackageReference;
			repositoryURL = "https://github.com/Alamofire/AlamofireImage";
			requirement = {
				kind = upToNextMajorVersion;
				minimumVersion = 4.0.0;
			};
		};
/* End XCRemoteSwiftPackageReference section */

/* Begin XCSwiftPackageProductDependency section */
		B4A9CC0527AF187200804B4C /* AlamofireImage */ = {
			isa = XCSwiftPackageProductDependency;
			package = B4A9CC0427AF187200804B4C /* XCRemoteSwiftPackageReference "AlamofireImage" */;
			productName = AlamofireImage;
		};
/* End XCSwiftPackageProductDependency section */
	};
	rootObject = B4A9CBC727AE522300804B4C /* Project object */;
}
